
Microsoft Visual Studio Solution File, Format Version 12.00
# Visual Studio Version 16
VisualStudioVersion = 16.0.31410.357
MinimumVisualStudioVersion = 10.0.40219.1
Project("{8BC9CEB8-8B4A-11D0-8D11-00A0C91BC942}") = "GetWindowsCredentials", "GetWindowsCredentials\GetWindowsCredentials.vcxproj", "{A45704CC-CB03-4AD7-AD41-1F2F54147EDA}"
EndProject
Global
	GlobalSection(SolutionConfigurationPlatforms) = preSolution
		Debug|x64 = Debug|x64
		Debug|x86 = Debug|x86
		Release|x64 = Release|x64
		Release|x86 = Release|x86
	EndGlobalSection
	GlobalSection(ProjectConfigurationPlatforms) = postSolution
		{A45704CC-CB03-4AD7-AD41-1F2F54147EDA}.Debug|x64.ActiveCfg = Debug|x64
		{A45704CC-CB03-4AD7-AD41-1F2F54147EDA}.Debug|x64.Build.0 = Debug|x64
		{A45704CC-CB03-4AD7-AD41-1F2F54147EDA}.Debug|x86.ActiveCfg = Debug|Win32
		{A45704CC-CB03-4AD7-AD41-1F2F54147EDA}.Debug|x86.Build.0 = Debug|Win32
		{A45704CC-CB03-4AD7-AD41-1F2F54147EDA}.Release|x64.ActiveCfg = Release|x64
		{A45704CC-CB03-4AD7-AD41-1F2F54147EDA}.Release|x64.Build.0 = Release|x64
		{A45704CC-CB03-4AD7-AD41-1F2F54147EDA}.Release|x86.ActiveCfg = Release|Win32
		{A45704CC-CB03-4AD7-AD41-1F2F54147EDA}.Release|x86.Build.0 = Release|Win32
	EndGlobalSection
	GlobalSection(SolutionProperties) = preSolution
		HideSolutionNode = FALSE
	EndGlobalSection
	GlobalSection(ExtensibilityGlobals) = postSolution
		SolutionGuid = {60239394-BA56-4F73-83CE-A8EBB7B2FA42}
	EndGlobalSection
EndGlobal
